
Microsoft Visual Studio Solution File, Format Version 12.00
Project("{FAE04EC0-301F-11D3-BF4B-00C04F79EFBC}") = "RtsNetworkingLibrary", "RtsNetworkingLibrary\RtsNetworkingLibrary.csproj", "{1B4D9250-0189-43E9-A76A-CBFF68A32C26}"
EndProject
Project("{FAE04EC0-301F-11D3-BF4B-00C04F79EFBC}") = "TestServer", "TestServer\TestServer.csproj", "{42D3AD2B-C10B-4BF5-BD84-7AEA97375047}"
EndProject
Global
	GlobalSection(SolutionConfigurationPlatforms) = preSolution
		Debug|Any CPU = Debug|Any CPU
		Release|Any CPU = Release|Any CPU
	EndGlobalSection
	GlobalSection(ProjectConfigurationPlatforms) = postSolution
		{1B4D9250-0189-43E9-A76A-CBFF68A32C26}.Debug|Any CPU.ActiveCfg = Debug|Any CPU
		{1B4D9250-0189-43E9-A76A-CBFF68A32C26}.Debug|Any CPU.Build.0 = Debug|Any CPU
		{1B4D9250-0189-43E9-A76A-CBFF68A32C26}.Release|Any CPU.ActiveCfg = Release|Any CPU
		{1B4D9250-0189-43E9-A76A-CBFF68A32C26}.Release|Any CPU.Build.0 = Release|Any CPU
		{42D3AD2B-C10B-4BF5-BD84-7AEA97375047}.Debug|Any CPU.ActiveCfg = Debug|Any CPU
		{42D3AD2B-C10B-4BF5-BD84-7AEA97375047}.Debug|Any CPU.Build.0 = Debug|Any CPU
		{42D3AD2B-C10B-4BF5-BD84-7AEA97375047}.Release|Any CPU.ActiveCfg = Release|Any CPU
		{42D3AD2B-C10B-4BF5-BD84-7AEA97375047}.Release|Any CPU.Build.0 = Release|Any CPU
	EndGlobalSection
EndGlobal
